
Microsoft Visual Studio Solution File, Format Version 12.00
# Visual Studio Version 17
VisualStudioVersion = 17.11.35017.193
MinimumVisualStudioVersion = 10.0.40219.1
Project("{8BC9CEB8-8B4A-11D0-8D11-00A0C91BC942}") = "gol", "gol.vcxproj", "{716D3FBD-DD6A-4B74-AEFB-39D8DBC97C16}"
EndProject
Project("{2150E333-8FDC-42A3-9474-1A3956D46DE8}") = "Solution Items", "Solution Items", "{7B33DC6A-028E-4999-A520-EDE9A18E6F35}"
	ProjectSection(SolutionItems) = preProject
		glider.gif = glider.gif
		readme.md = readme.md
	EndProjectSection
EndProject
Global
	GlobalSection(SolutionConfigurationPlatforms) = preSolution
		Debug|x64 = Debug|x64
		Debug|x86 = Debug|x86
		Release|x64 = Release|x64
		Release|x86 = Release|x86
	EndGlobalSection
	GlobalSection(ProjectConfigurationPlatforms) = postSolution
		{716D3FBD-DD6A-4B74-AEFB-39D8DBC97C16}.Debug|x64.ActiveCfg = Debug|x64
		{716D3FBD-DD6A-4B74-AEFB-39D8DBC97C16}.Debug|x64.Build.0 = Debug|x64
		{716D3FBD-DD6A-4B74-AEFB-39D8DBC97C16}.Debug|x86.ActiveCfg = Debug|Win32
		{716D3FBD-DD6A-4B74-AEFB-39D8DBC97C16}.Debug|x86.Build.0 = Debug|Win32
		{716D3FBD-DD6A-4B74-AEFB-39D8DBC97C16}.Release|x64.ActiveCfg = Release|x64
		{716D3FBD-DD6A-4B74-AEFB-39D8DBC97C16}.Release|x64.Build.0 = Release|x64
		{716D3FBD-DD6A-4B74-AEFB-39D8DBC97C16}.Release|x86.ActiveCfg = Release|Win32
		{716D3FBD-DD6A-4B74-AEFB-39D8DBC97C16}.Release|x86.Build.0 = Release|Win32
	EndGlobalSection
	GlobalSection(SolutionProperties) = preSolution
		HideSolutionNode = FALSE
	EndGlobalSection
	GlobalSection(ExtensibilityGlobals) = postSolution
		SolutionGuid = {98ACC0CC-EB15-4990-A3A1-98EF0942036E}
	EndGlobalSection
EndGlobal
